
Microsoft Visual Studio Solution File, Format Version 12.00
Project("{2150E333-8FDC-42A3-9474-1A3956D46DE8}") = "src", "src", "{E9134A83-29D1-4636-BD68-4EB5994ACAD0}"
EndProject
Project("{2150E333-8FDC-42A3-9474-1A3956D46DE8}") = "test", "test", "{A262F05D-82E9-4980-B877-A54F60E7A174}"
EndProject
Project("{2150E333-8FDC-42A3-9474-1A3956D46DE8}") = "Api", "Api", "{6AA9F441-18D3-4C4F-B5EE-FDAF06FA39BB}"
EndProject
Project("{2150E333-8FDC-42A3-9474-1A3956D46DE8}") = "Core", "Core", "{86E70F8A-3BEA-437D-B3D4-61B9F104B54D}"
EndProject
Project("{2150E333-8FDC-42A3-9474-1A3956D46DE8}") = "Infrastructure", "Infrastructure", "{445C68EC-7287-41F0-BF07-D162C128C542}"
EndProject
Project("{2150E333-8FDC-42A3-9474-1A3956D46DE8}") = "Solution Items", "Solution Items", "{473EDA5F-FF45-4EDB-8E04-F640482E8E9A}"
	ProjectSection(SolutionItems) = preProject
		compose.yaml = compose.yaml
	EndProjectSection
EndProject
Project("{FAE04EC0-301F-11D3-BF4B-00C04F79EFBC}") = "Hobbyshop.Api", "Hobbyshop.Api\Hobbyshop.Api.csproj", "{E3B5BD9C-80CA-46E7-9A90-CEB70C0E15E0}"
EndProject
Global
	GlobalSection(SolutionConfigurationPlatforms) = preSolution
		Debug|Any CPU = Debug|Any CPU
		Release|Any CPU = Release|Any CPU
	EndGlobalSection
	GlobalSection(NestedProjects) = preSolution
		{6AA9F441-18D3-4C4F-B5EE-FDAF06FA39BB} = {E9134A83-29D1-4636-BD68-4EB5994ACAD0}
		{86E70F8A-3BEA-437D-B3D4-61B9F104B54D} = {E9134A83-29D1-4636-BD68-4EB5994ACAD0}
		{445C68EC-7287-41F0-BF07-D162C128C542} = {E9134A83-29D1-4636-BD68-4EB5994ACAD0}
		{E3B5BD9C-80CA-46E7-9A90-CEB70C0E15E0} = {6AA9F441-18D3-4C4F-B5EE-FDAF06FA39BB}
	EndGlobalSection
	GlobalSection(ProjectConfigurationPlatforms) = postSolution
		{E3B5BD9C-80CA-46E7-9A90-CEB70C0E15E0}.Debug|Any CPU.ActiveCfg = Debug|Any CPU
		{E3B5BD9C-80CA-46E7-9A90-CEB70C0E15E0}.Debug|Any CPU.Build.0 = Debug|Any CPU
		{E3B5BD9C-80CA-46E7-9A90-CEB70C0E15E0}.Release|Any CPU.ActiveCfg = Release|Any CPU
		{E3B5BD9C-80CA-46E7-9A90-CEB70C0E15E0}.Release|Any CPU.Build.0 = Release|Any CPU
	EndGlobalSection
EndGlobal
